// !$*UTF8*$!
{
	archiveVersion = 1;
	classes = {
	};
	objectVersion = 51;
	objects = {

/* Begin PBXBuildFile section */
		1A4E2699559D78F074FDE673 /* Pods_homework.framework in Frameworks */ = {isa = PBXBuildFile; fileRef = A3C9A060D78DCD0564DE3255 /* Pods_homework.framework */; };
		3F42F34062C1824462CEE226 /* Pods_DomainTests.framework in Frameworks */ = {isa = PBXBuildFile; fileRef = E481068A30795E1477C1273A /* Pods_DomainTests.framework */; };
		40119F21245B7C0500D97CB3 /* request_body.json in Resources */ = {isa = PBXBuildFile; fileRef = 40119F20245B7C0500D97CB3 /* request_body.json */; };
		488800B201270E3BCF8A9911 /* Pods_Domain.framework in Frameworks */ = {isa = PBXBuildFile; fileRef = 1741C03220FFAA84B63153A1 /* Pods_Domain.framework */; };
		66AB47D8243D1570000508FB /* AppDelegate.swift in Sources */ = {isa = PBXBuildFile; fileRef = 66AB47D7243D1570000508FB /* AppDelegate.swift */; };
		66AB47E1243D1572000508FB /* Assets.xcassets in Resources */ = {isa = PBXBuildFile; fileRef = 66AB47E0243D1572000508FB /* Assets.xcassets */; };
		66AB47E4243D1572000508FB /* LaunchScreen.storyboard in Resources */ = {isa = PBXBuildFile; fileRef = 66AB47E2243D1572000508FB /* LaunchScreen.storyboard */; };
		C00CD05D36F5C99AB3B89B73 /* Pods_DataTests.framework in Frameworks */ = {isa = PBXBuildFile; fileRef = 46498E94AD84D3C69E8A9BFA /* Pods_DataTests.framework */; };
		D400F29225A6290E00450BB8 /* Trips.json in Resources */ = {isa = PBXBuildFile; fileRef = D400F29125A6290E00450BB8 /* Trips.json */; };
		D400F2A425A6295E00450BB8 /* GetTripsListUseCaseTests.swift in Sources */ = {isa = PBXBuildFile; fileRef = D400F2A325A6295E00450BB8 /* GetTripsListUseCaseTests.swift */; };
		D400F2AB25A62D5A00450BB8 /* TripsProviderMock.swift in Sources */ = {isa = PBXBuildFile; fileRef = D400F2AA25A62D5A00450BB8 /* TripsProviderMock.swift */; };
		D400F2B525A62F1D00450BB8 /* TripsListViewController.swift in Sources */ = {isa = PBXBuildFile; fileRef = D400F2B325A62F1D00450BB8 /* TripsListViewController.swift */; };
		D400F2C225A62F9600450BB8 /* TripsListContract.swift in Sources */ = {isa = PBXBuildFile; fileRef = D400F2C125A62F9600450BB8 /* TripsListContract.swift */; };
		D400F2CE25A6302500450BB8 /* TripsListPresenter.swift in Sources */ = {isa = PBXBuildFile; fileRef = D400F2CD25A6302500450BB8 /* TripsListPresenter.swift */; };
		D406620B25A504840090E143 /* Data.framework in Frameworks */ = {isa = PBXBuildFile; fileRef = D406620225A504840090E143 /* Data.framework */; };
		D406621425A504840090E143 /* Data.h in Headers */ = {isa = PBXBuildFile; fileRef = D406620425A504840090E143 /* Data.h */; settings = {ATTRIBUTES = (Public, ); }; };
		D406621725A504840090E143 /* Data.framework in Frameworks */ = {isa = PBXBuildFile; fileRef = D406620225A504840090E143 /* Data.framework */; };
		D406621825A504840090E143 /* Data.framework in Embed Frameworks */ = {isa = PBXBuildFile; fileRef = D406620225A504840090E143 /* Data.framework */; settings = {ATTRIBUTES = (CodeSignOnCopy, RemoveHeadersOnCopy, ); }; };
		D406622625A504CD0090E143 /* ServiceContract.swift in Sources */ = {isa = PBXBuildFile; fileRef = D406622525A504CD0090E143 /* ServiceContract.swift */; };
		D406622A25A504F00090E143 /* TripsService.swift in Sources */ = {isa = PBXBuildFile; fileRef = D406622925A504F00090E143 /* TripsService.swift */; };
		D406623725A5095C0090E143 /* TripsProvider.swift in Sources */ = {isa = PBXBuildFile; fileRef = D406623525A5095C0090E143 /* TripsProvider.swift */; };
		D406623B25A509E90090E143 /* WelcomeEntity.swift in Sources */ = {isa = PBXBuildFile; fileRef = D406623A25A509E90090E143 /* WelcomeEntity.swift */; };
		D406625125A50B0E0090E143 /* Constants.swift in Sources */ = {isa = PBXBuildFile; fileRef = D406624D25A50B0E0090E143 /* Constants.swift */; };
		D406625225A50B0E0090E143 /* Auth.swift in Sources */ = {isa = PBXBuildFile; fileRef = D406624E25A50B0E0090E143 /* Auth.swift */; };
		D406625325A50B0E0090E143 /* DemoAuth.swift in Sources */ = {isa = PBXBuildFile; fileRef = D406625025A50B0E0090E143 /* DemoAuth.swift */; };
		D406625D25A50CA60090E143 /* Pods_Data.framework in Frameworks */ = {isa = PBXBuildFile; fileRef = 0389D83567583EF3A1A2D1DF /* Pods_Data.framework */; };
		D406629B25A519840090E143 /* DataClassEntity.swift in Sources */ = {isa = PBXBuildFile; fileRef = D406629A25A519840090E143 /* DataClassEntity.swift */; };
		D406629F25A519970090E143 /* DriverEntity.swift in Sources */ = {isa = PBXBuildFile; fileRef = D406629E25A519970090E143 /* DriverEntity.swift */; };
		D40662A325A519A50090E143 /* LoadsEntity.swift in Sources */ = {isa = PBXBuildFile; fileRef = D40662A225A519A50090E143 /* LoadsEntity.swift */; };
		D40662A725A519B30090E143 /* TripEntity.swift in Sources */ = {isa = PBXBuildFile; fileRef = D40662A625A519B30090E143 /* TripEntity.swift */; };
		D40662AB25A519C00090E143 /* TruckingOrderEntity.swift in Sources */ = {isa = PBXBuildFile; fileRef = D40662AA25A519C00090E143 /* TruckingOrderEntity.swift */; };
		D40662AF25A519CD0090E143 /* LocationEntity.swift in Sources */ = {isa = PBXBuildFile; fileRef = D40662AE25A519CD0090E143 /* LocationEntity.swift */; };
		D40662B325A519D90090E143 /* AddressEntity.swift in Sources */ = {isa = PBXBuildFile; fileRef = D40662B225A519D90090E143 /* AddressEntity.swift */; };
		D40662B725A519E30090E143 /* CoordinatesEntity.swift in Sources */ = {isa = PBXBuildFile; fileRef = D40662B625A519E30090E143 /* CoordinatesEntity.swift */; };
		D40662C825A51A0F0090E143 /* Domain.framework in Frameworks */ = {isa = PBXBuildFile; fileRef = D40662BF25A51A0F0090E143 /* Domain.framework */; };
		D40662D125A51A0F0090E143 /* Domain.h in Headers */ = {isa = PBXBuildFile; fileRef = D40662C125A51A0F0090E143 /* Domain.h */; settings = {ATTRIBUTES = (Public, ); }; };
		D40662D425A51A0F0090E143 /* Domain.framework in Frameworks */ = {isa = PBXBuildFile; fileRef = D40662BF25A51A0F0090E143 /* Domain.framework */; };
		D40662D525A51A0F0090E143 /* Domain.framework in Embed Frameworks */ = {isa = PBXBuildFile; fileRef = D40662BF25A51A0F0090E143 /* Domain.framework */; settings = {ATTRIBUTES = (CodeSignOnCopy, RemoveHeadersOnCopy, ); }; };
		D40662E425A51A510090E143 /* Welcome.swift in Sources */ = {isa = PBXBuildFile; fileRef = D40662E325A51A510090E143 /* Welcome.swift */; };
		D40662EA25A51A590090E143 /* DataClass.swift in Sources */ = {isa = PBXBuildFile; fileRef = D40662E925A51A590090E143 /* DataClass.swift */; };
		D40662F025A51A620090E143 /* Driver.swift in Sources */ = {isa = PBXBuildFile; fileRef = D40662EF25A51A620090E143 /* Driver.swift */; };
		D40662F625A51A670090E143 /* Loads.swift in Sources */ = {isa = PBXBuildFile; fileRef = D40662F525A51A670090E143 /* Loads.swift */; };
		D406630225A51A780090E143 /* TruckingOrder.swift in Sources */ = {isa = PBXBuildFile; fileRef = D406630125A51A780090E143 /* TruckingOrder.swift */; };
		D406630C25A51A880090E143 /* Trip.swift in Sources */ = {isa = PBXBuildFile; fileRef = D406630B25A51A880090E143 /* Trip.swift */; };
		D406631225A51A8F0090E143 /* Location.swift in Sources */ = {isa = PBXBuildFile; fileRef = D406631125A51A8F0090E143 /* Location.swift */; };
		D406631825A51A970090E143 /* Address.swift in Sources */ = {isa = PBXBuildFile; fileRef = D406631725A51A970090E143 /* Address.swift */; };
		D406631E25A51AA20090E143 /* Coordinates.swift in Sources */ = {isa = PBXBuildFile; fileRef = D406631D25A51AA20090E143 /* Coordinates.swift */; };
		D406632525A51AE00090E143 /* DomainTransformable.swift in Sources */ = {isa = PBXBuildFile; fileRef = D406632425A51AE00090E143 /* DomainTransformable.swift */; };
		D406634E25A5EB0A0090E143 /* TripsProviderContract.swift in Sources */ = {isa = PBXBuildFile; fileRef = D406634D25A5EB0A0090E143 /* TripsProviderContract.swift */; };
		D406635D25A5EB970090E143 /* GetTripsListUseCase.swift in Sources */ = {isa = PBXBuildFile; fileRef = D406635C25A5EB970090E143 /* GetTripsListUseCase.swift */; };
		D40663B725A5EEA40090E143 /* Injector.h in Headers */ = {isa = PBXBuildFile; fileRef = D40663B525A5EEA40090E143 /* Injector.h */; settings = {ATTRIBUTES = (Public, ); }; };
		D40663BA25A5EEA40090E143 /* Injector.framework in Frameworks */ = {isa = PBXBuildFile; fileRef = D40663B325A5EEA40090E143 /* Injector.framework */; };
		D40663BB25A5EEA40090E143 /* Injector.framework in Embed Frameworks */ = {isa = PBXBuildFile; fileRef = D40663B325A5EEA40090E143 /* Injector.framework */; settings = {ATTRIBUTES = (CodeSignOnCopy, RemoveHeadersOnCopy, ); }; };
		D40663C525A5EEB70090E143 /* Injector.swift in Sources */ = {isa = PBXBuildFile; fileRef = D40663C425A5EEB70090E143 /* Injector.swift */; };
		D406646F25A60D350090E143 /* Trips.json in Resources */ = {isa = PBXBuildFile; fileRef = D406646E25A60D340090E143 /* Trips.json */; };
		D406648225A60E070090E143 /* URLSessionMock.swift in Sources */ = {isa = PBXBuildFile; fileRef = D406648125A60E070090E143 /* URLSessionMock.swift */; };
		D406649A25A60E4F0090E143 /* TripsTests.swift in Sources */ = {isa = PBXBuildFile; fileRef = D406649925A60E4F0090E143 /* TripsTests.swift */; };
		D46CC88E25A63E030062E288 /* TripTableViewCell.swift in Sources */ = {isa = PBXBuildFile; fileRef = D46CC88C25A63E030062E288 /* TripTableViewCell.swift */; };
		D46CC88F25A63E030062E288 /* TripTableViewCell.xib in Resources */ = {isa = PBXBuildFile; fileRef = D46CC88D25A63E030062E288 /* TripTableViewCell.xib */; };
		D4A5DE7125A6345D00C05191 /* TripsList.storyboard in Resources */ = {isa = PBXBuildFile; fileRef = D4A5DE7025A6345D00C05191 /* TripsList.storyboard */; };
/* End PBXBuildFile section */

/* Begin PBXContainerItemProxy section */
		D406620C25A504840090E143 /* PBXContainerItemProxy */ = {
			isa = PBXContainerItemProxy;
			containerPortal = 66AB47CC243D1570000508FB /* Project object */;
			proxyType = 1;
			remoteGlobalIDString = D406620125A504840090E143;
			remoteInfo = Data;
		};
		D406620E25A504840090E143 /* PBXContainerItemProxy */ = {
			isa = PBXContainerItemProxy;
			containerPortal = 66AB47CC243D1570000508FB /* Project object */;
			proxyType = 1;
			remoteGlobalIDString = 66AB47D3243D1570000508FB;
			remoteInfo = homework;
		};
		D406621525A504840090E143 /* PBXContainerItemProxy */ = {
			isa = PBXContainerItemProxy;
			containerPortal = 66AB47CC243D1570000508FB /* Project object */;
			proxyType = 1;
			remoteGlobalIDString = D406620125A504840090E143;
			remoteInfo = Data;
		};
		D40662C925A51A0F0090E143 /* PBXContainerItemProxy */ = {
			isa = PBXContainerItemProxy;
			containerPortal = 66AB47CC243D1570000508FB /* Project object */;
			proxyType = 1;
			remoteGlobalIDString = D40662BE25A51A0F0090E143;
			remoteInfo = Domain;
		};
		D40662CB25A51A0F0090E143 /* PBXContainerItemProxy */ = {
			isa = PBXContainerItemProxy;
			containerPortal = 66AB47CC243D1570000508FB /* Project object */;
			proxyType = 1;
			remoteGlobalIDString = 66AB47D3243D1570000508FB;
			remoteInfo = homework;
		};
		D40662D225A51A0F0090E143 /* PBXContainerItemProxy */ = {
			isa = PBXContainerItemProxy;
			containerPortal = 66AB47CC243D1570000508FB /* Project object */;
			proxyType = 1;
			remoteGlobalIDString = D40662BE25A51A0F0090E143;
			remoteInfo = Domain;
		};
		D40663B825A5EEA40090E143 /* PBXContainerItemProxy */ = {
			isa = PBXContainerItemProxy;
			containerPortal = 66AB47CC243D1570000508FB /* Project object */;
			proxyType = 1;
			remoteGlobalIDString = D40663B225A5EEA40090E143;
			remoteInfo = Injector;
		};
/* End PBXContainerItemProxy section */

/* Begin PBXCopyFilesBuildPhase section */
		D406621925A504840090E143 /* Embed Frameworks */ = {
			isa = PBXCopyFilesBuildPhase;
			buildActionMask = 2147483647;
			dstPath = "";
			dstSubfolderSpec = 10;
			files = (
				D40662D525A51A0F0090E143 /* Domain.framework in Embed Frameworks */,
				D406621825A504840090E143 /* Data.framework in Embed Frameworks */,
				D40663BB25A5EEA40090E143 /* Injector.framework in Embed Frameworks */,
			);
			name = "Embed Frameworks";
			runOnlyForDeploymentPostprocessing = 0;
		};
/* End PBXCopyFilesBuildPhase section */

/* Begin PBXFileReference section */
		0389D83567583EF3A1A2D1DF /* Pods_Data.framework */ = {isa = PBXFileReference; explicitFileType = wrapper.framework; includeInIndex = 0; path = Pods_Data.framework; sourceTree = BUILT_PRODUCTS_DIR; };
		1741C03220FFAA84B63153A1 /* Pods_Domain.framework */ = {isa = PBXFileReference; explicitFileType = wrapper.framework; includeInIndex = 0; path = Pods_Domain.framework; sourceTree = BUILT_PRODUCTS_DIR; };
		2E1CE6E133CA237FF0110BCD /* Pods-Data.release.xcconfig */ = {isa = PBXFileReference; includeInIndex = 1; lastKnownFileType = text.xcconfig; name = "Pods-Data.release.xcconfig"; path = "Target Support Files/Pods-Data/Pods-Data.release.xcconfig"; sourceTree = "<group>"; };
		332FBFDD2D835B231C6537C6 /* Pods-homework.release.xcconfig */ = {isa = PBXFileReference; includeInIndex = 1; lastKnownFileType = text.xcconfig; name = "Pods-homework.release.xcconfig"; path = "Target Support Files/Pods-homework/Pods-homework.release.xcconfig"; sourceTree = "<group>"; };
		40119F20245B7C0500D97CB3 /* request_body.json */ = {isa = PBXFileReference; fileEncoding = 4; lastKnownFileType = text.json; path = request_body.json; sourceTree = "<group>"; };
		46498E94AD84D3C69E8A9BFA /* Pods_DataTests.framework */ = {isa = PBXFileReference; explicitFileType = wrapper.framework; includeInIndex = 0; path = Pods_DataTests.framework; sourceTree = BUILT_PRODUCTS_DIR; };
		55725DB31438FD385A0A6F2A /* Pods-DataTests.debug.xcconfig */ = {isa = PBXFileReference; includeInIndex = 1; lastKnownFileType = text.xcconfig; name = "Pods-DataTests.debug.xcconfig"; path = "Target Support Files/Pods-DataTests/Pods-DataTests.debug.xcconfig"; sourceTree = "<group>"; };
		66AB47D4243D1570000508FB /* homework.app */ = {isa = PBXFileReference; explicitFileType = wrapper.application; includeInIndex = 0; path = homework.app; sourceTree = BUILT_PRODUCTS_DIR; };
		66AB47D7243D1570000508FB /* AppDelegate.swift */ = {isa = PBXFileReference; lastKnownFileType = sourcecode.swift; path = AppDelegate.swift; sourceTree = "<group>"; };
		66AB47E0243D1572000508FB /* Assets.xcassets */ = {isa = PBXFileReference; lastKnownFileType = folder.assetcatalog; path = Assets.xcassets; sourceTree = "<group>"; };
		66AB47E3243D1572000508FB /* Base */ = {isa = PBXFileReference; lastKnownFileType = file.storyboard; name = Base; path = Base.lproj/LaunchScreen.storyboard; sourceTree = "<group>"; };
		66AB47E5243D1572000508FB /* Info.plist */ = {isa = PBXFileReference; lastKnownFileType = text.plist.xml; path = Info.plist; sourceTree = "<group>"; };
		A3C9A060D78DCD0564DE3255 /* Pods_homework.framework */ = {isa = PBXFileReference; explicitFileType = wrapper.framework; includeInIndex = 0; path = Pods_homework.framework; sourceTree = BUILT_PRODUCTS_DIR; };
		CD8670A78E5E8DA6C9D787D5 /* Pods-homework.debug.xcconfig */ = {isa = PBXFileReference; includeInIndex = 1; lastKnownFileType = text.xcconfig; name = "Pods-homework.debug.xcconfig"; path = "Target Support Files/Pods-homework/Pods-homework.debug.xcconfig"; sourceTree = "<group>"; };
		CEC3D38CD74093AD5406C352 /* Pods-Domain.debug.xcconfig */ = {isa = PBXFileReference; includeInIndex = 1; lastKnownFileType = text.xcconfig; name = "Pods-Domain.debug.xcconfig"; path = "Target Support Files/Pods-Domain/Pods-Domain.debug.xcconfig"; sourceTree = "<group>"; };
		D400F29125A6290E00450BB8 /* Trips.json */ = {isa = PBXFileReference; fileEncoding = 4; lastKnownFileType = text.json; path = Trips.json; sourceTree = "<group>"; };
		D400F2A225A6295E00450BB8 /* DomainTests-Bridging-Header.h */ = {isa = PBXFileReference; lastKnownFileType = sourcecode.c.h; path = "DomainTests-Bridging-Header.h"; sourceTree = "<group>"; };
		D400F2A325A6295E00450BB8 /* GetTripsListUseCaseTests.swift */ = {isa = PBXFileReference; lastKnownFileType = sourcecode.swift; path = GetTripsListUseCaseTests.swift; sourceTree = "<group>"; };
		D400F2AA25A62D5A00450BB8 /* TripsProviderMock.swift */ = {isa = PBXFileReference; lastKnownFileType = sourcecode.swift; path = TripsProviderMock.swift; sourceTree = "<group>"; };
		D400F2B325A62F1D00450BB8 /* TripsListViewController.swift */ = {isa = PBXFileReference; fileEncoding = 4; lastKnownFileType = sourcecode.swift; path = TripsListViewController.swift; sourceTree = "<group>"; };
		D400F2C125A62F9600450BB8 /* TripsListContract.swift */ = {isa = PBXFileReference; lastKnownFileType = sourcecode.swift; path = TripsListContract.swift; sourceTree = "<group>"; };
		D400F2CD25A6302500450BB8 /* TripsListPresenter.swift */ = {isa = PBXFileReference; lastKnownFileType = sourcecode.swift; path = TripsListPresenter.swift; sourceTree = "<group>"; };
		D406620225A504840090E143 /* Data.framework */ = {isa = PBXFileReference; explicitFileType = wrapper.framework; includeInIndex = 0; path = Data.framework; sourceTree = BUILT_PRODUCTS_DIR; };
		D406620425A504840090E143 /* Data.h */ = {isa = PBXFileReference; lastKnownFileType = sourcecode.c.h; path = Data.h; sourceTree = "<group>"; };
		D406620525A504840090E143 /* Info.plist */ = {isa = PBXFileReference; lastKnownFileType = text.plist.xml; path = Info.plist; sourceTree = "<group>"; };
		D406620A25A504840090E143 /* DataTests.xctest */ = {isa = PBXFileReference; explicitFileType = wrapper.cfbundle; includeInIndex = 0; path = DataTests.xctest; sourceTree = BUILT_PRODUCTS_DIR; };
		D406621325A504840090E143 /* Info.plist */ = {isa = PBXFileReference; lastKnownFileType = text.plist.xml; path = Info.plist; sourceTree = "<group>"; };
		D406622525A504CD0090E143 /* ServiceContract.swift */ = {isa = PBXFileReference; lastKnownFileType = sourcecode.swift; path = ServiceContract.swift; sourceTree = "<group>"; };
		D406622925A504F00090E143 /* TripsService.swift */ = {isa = PBXFileReference; lastKnownFileType = sourcecode.swift; path = TripsService.swift; sourceTree = "<group>"; };
		D406623525A5095C0090E143 /* TripsProvider.swift */ = {isa = PBXFileReference; fileEncoding = 4; lastKnownFileType = sourcecode.swift; path = TripsProvider.swift; sourceTree = "<group>"; };
		D406623A25A509E90090E143 /* WelcomeEntity.swift */ = {isa = PBXFileReference; lastKnownFileType = sourcecode.swift; path = WelcomeEntity.swift; sourceTree = "<group>"; };
		D406624D25A50B0E0090E143 /* Constants.swift */ = {isa = PBXFileReference; fileEncoding = 4; lastKnownFileType = sourcecode.swift; path = Constants.swift; sourceTree = "<group>"; };
		D406624E25A50B0E0090E143 /* Auth.swift */ = {isa = PBXFileReference; fileEncoding = 4; lastKnownFileType = sourcecode.swift; path = Auth.swift; sourceTree = "<group>"; };
		D406625025A50B0E0090E143 /* DemoAuth.swift */ = {isa = PBXFileReference; fileEncoding = 4; lastKnownFileType = sourcecode.swift; path = DemoAuth.swift; sourceTree = "<group>"; };
		D406629A25A519840090E143 /* DataClassEntity.swift */ = {isa = PBXFileReference; lastKnownFileType = sourcecode.swift; path = DataClassEntity.swift; sourceTree = "<group>"; };
		D406629E25A519970090E143 /* DriverEntity.swift */ = {isa = PBXFileReference; lastKnownFileType = sourcecode.swift; path = DriverEntity.swift; sourceTree = "<group>"; };
		D40662A225A519A50090E143 /* LoadsEntity.swift */ = {isa = PBXFileReference; lastKnownFileType = sourcecode.swift; path = LoadsEntity.swift; sourceTree = "<group>"; };
		D40662A625A519B30090E143 /* TripEntity.swift */ = {isa = PBXFileReference; lastKnownFileType = sourcecode.swift; path = TripEntity.swift; sourceTree = "<group>"; };
		D40662AA25A519C00090E143 /* TruckingOrderEntity.swift */ = {isa = PBXFileReference; lastKnownFileType = sourcecode.swift; path = TruckingOrderEntity.swift; sourceTree = "<group>"; };
		D40662AE25A519CD0090E143 /* LocationEntity.swift */ = {isa = PBXFileReference; lastKnownFileType = sourcecode.swift; path = LocationEntity.swift; sourceTree = "<group>"; };
		D40662B225A519D90090E143 /* AddressEntity.swift */ = {isa = PBXFileReference; lastKnownFileType = sourcecode.swift; path = AddressEntity.swift; sourceTree = "<group>"; };
		D40662B625A519E30090E143 /* CoordinatesEntity.swift */ = {isa = PBXFileReference; lastKnownFileType = sourcecode.swift; path = CoordinatesEntity.swift; sourceTree = "<group>"; };
		D40662BF25A51A0F0090E143 /* Domain.framework */ = {isa = PBXFileReference; explicitFileType = wrapper.framework; includeInIndex = 0; path = Domain.framework; sourceTree = BUILT_PRODUCTS_DIR; };
		D40662C125A51A0F0090E143 /* Domain.h */ = {isa = PBXFileReference; lastKnownFileType = sourcecode.c.h; path = Domain.h; sourceTree = "<group>"; };
		D40662C225A51A0F0090E143 /* Info.plist */ = {isa = PBXFileReference; lastKnownFileType = text.plist.xml; path = Info.plist; sourceTree = "<group>"; };
		D40662C725A51A0F0090E143 /* DomainTests.xctest */ = {isa = PBXFileReference; explicitFileType = wrapper.cfbundle; includeInIndex = 0; path = DomainTests.xctest; sourceTree = BUILT_PRODUCTS_DIR; };
		D40662D025A51A0F0090E143 /* Info.plist */ = {isa = PBXFileReference; lastKnownFileType = text.plist.xml; path = Info.plist; sourceTree = "<group>"; };
		D40662E325A51A510090E143 /* Welcome.swift */ = {isa = PBXFileReference; lastKnownFileType = sourcecode.swift; path = Welcome.swift; sourceTree = "<group>"; };
		D40662E925A51A590090E143 /* DataClass.swift */ = {isa = PBXFileReference; lastKnownFileType = sourcecode.swift; path = DataClass.swift; sourceTree = "<group>"; };
		D40662EF25A51A620090E143 /* Driver.swift */ = {isa = PBXFileReference; lastKnownFileType = sourcecode.swift; path = Driver.swift; sourceTree = "<group>"; };
		D40662F525A51A670090E143 /* Loads.swift */ = {isa = PBXFileReference; lastKnownFileType = sourcecode.swift; path = Loads.swift; sourceTree = "<group>"; };
		D406630125A51A780090E143 /* TruckingOrder.swift */ = {isa = PBXFileReference; lastKnownFileType = sourcecode.swift; path = TruckingOrder.swift; sourceTree = "<group>"; };
		D406630B25A51A880090E143 /* Trip.swift */ = {isa = PBXFileReference; lastKnownFileType = sourcecode.swift; path = Trip.swift; sourceTree = "<group>"; };
		D406631125A51A8F0090E143 /* Location.swift */ = {isa = PBXFileReference; lastKnownFileType = sourcecode.swift; path = Location.swift; sourceTree = "<group>"; };
		D406631725A51A970090E143 /* Address.swift */ = {isa = PBXFileReference; lastKnownFileType = sourcecode.swift; path = Address.swift; sourceTree = "<group>"; };
		D406631D25A51AA20090E143 /* Coordinates.swift */ = {isa = PBXFileReference; lastKnownFileType = sourcecode.swift; path = Coordinates.swift; sourceTree = "<group>"; };
		D406632425A51AE00090E143 /* DomainTransformable.swift */ = {isa = PBXFileReference; lastKnownFileType = sourcecode.swift; path = DomainTransformable.swift; sourceTree = "<group>"; };
		D406634D25A5EB0A0090E143 /* TripsProviderContract.swift */ = {isa = PBXFileReference; lastKnownFileType = sourcecode.swift; path = TripsProviderContract.swift; sourceTree = "<group>"; };
		D406635C25A5EB970090E143 /* GetTripsListUseCase.swift */ = {isa = PBXFileReference; lastKnownFileType = sourcecode.swift; path = GetTripsListUseCase.swift; sourceTree = "<group>"; };
		D40663B325A5EEA40090E143 /* Injector.framework */ = {isa = PBXFileReference; explicitFileType = wrapper.framework; includeInIndex = 0; path = Injector.framework; sourceTree = BUILT_PRODUCTS_DIR; };
		D40663B525A5EEA40090E143 /* Injector.h */ = {isa = PBXFileReference; lastKnownFileType = sourcecode.c.h; path = Injector.h; sourceTree = "<group>"; };
		D40663B625A5EEA40090E143 /* Info.plist */ = {isa = PBXFileReference; lastKnownFileType = text.plist.xml; path = Info.plist; sourceTree = "<group>"; };
		D40663C425A5EEB70090E143 /* Injector.swift */ = {isa = PBXFileReference; lastKnownFileType = sourcecode.swift; path = Injector.swift; sourceTree = "<group>"; };
		D406646E25A60D340090E143 /* Trips.json */ = {isa = PBXFileReference; lastKnownFileType = text.json; path = Trips.json; sourceTree = "<group>"; };
		D406648125A60E070090E143 /* URLSessionMock.swift */ = {isa = PBXFileReference; lastKnownFileType = sourcecode.swift; path = URLSessionMock.swift; sourceTree = "<group>"; };
		D406649925A60E4F0090E143 /* TripsTests.swift */ = {isa = PBXFileReference; lastKnownFileType = sourcecode.swift; path = TripsTests.swift; sourceTree = "<group>"; };
		D46CC88C25A63E030062E288 /* TripTableViewCell.swift */ = {isa = PBXFileReference; lastKnownFileType = sourcecode.swift; path = TripTableViewCell.swift; sourceTree = "<group>"; };
		D46CC88D25A63E030062E288 /* TripTableViewCell.xib */ = {isa = PBXFileReference; lastKnownFileType = file.xib; path = TripTableViewCell.xib; sourceTree = "<group>"; };
		D4A5DE7025A6345D00C05191 /* TripsList.storyboard */ = {isa = PBXFileReference; lastKnownFileType = file.storyboard; path = TripsList.storyboard; sourceTree = "<group>"; };
		E458EF109D2F742E61E13280 /* Pods-DomainTests.debug.xcconfig */ = {isa = PBXFileReference; includeInIndex = 1; lastKnownFileType = text.xcconfig; name = "Pods-DomainTests.debug.xcconfig"; path = "Target Support Files/Pods-DomainTests/Pods-DomainTests.debug.xcconfig"; sourceTree = "<group>"; };
		E481068A30795E1477C1273A /* Pods_DomainTests.framework */ = {isa = PBXFileReference; explicitFileType = wrapper.framework; includeInIndex = 0; path = Pods_DomainTests.framework; sourceTree = BUILT_PRODUCTS_DIR; };
		ED094279F9B25C36F85946E4 /* Pods-Domain.release.xcconfig */ = {isa = PBXFileReference; includeInIndex = 1; lastKnownFileType = text.xcconfig; name = "Pods-Domain.release.xcconfig"; path = "Target Support Files/Pods-Domain/Pods-Domain.release.xcconfig"; sourceTree = "<group>"; };
		EE24037154B39BB483363D24 /* Pods-Data.debug.xcconfig */ = {isa = PBXFileReference; includeInIndex = 1; lastKnownFileType = text.xcconfig; name = "Pods-Data.debug.xcconfig"; path = "Target Support Files/Pods-Data/Pods-Data.debug.xcconfig"; sourceTree = "<group>"; };
		EED27CE10999FD4F7769D601 /* Pods-DataTests.release.xcconfig */ = {isa = PBXFileReference; includeInIndex = 1; lastKnownFileType = text.xcconfig; name = "Pods-DataTests.release.xcconfig"; path = "Target Support Files/Pods-DataTests/Pods-DataTests.release.xcconfig"; sourceTree = "<group>"; };
		F213A6BA3AF95A7E4FA11ADE /* Pods-DomainTests.release.xcconfig */ = {isa = PBXFileReference; includeInIndex = 1; lastKnownFileType = text.xcconfig; name = "Pods-DomainTests.release.xcconfig"; path = "Target Support Files/Pods-DomainTests/Pods-DomainTests.release.xcconfig"; sourceTree = "<group>"; };
/* End PBXFileReference section */

/* Begin PBXFrameworksBuildPhase section */
		66AB47D1243D1570000508FB /* Frameworks */ = {
			isa = PBXFrameworksBuildPhase;
			buildActionMask = 2147483647;
			files = (
				D40663BA25A5EEA40090E143 /* Injector.framework in Frameworks */,
				D40662D425A51A0F0090E143 /* Domain.framework in Frameworks */,
				D406621725A504840090E143 /* Data.framework in Frameworks */,
				1A4E2699559D78F074FDE673 /* Pods_homework.framework in Frameworks */,
			);
			runOnlyForDeploymentPostprocessing = 0;
		};
		D40661FF25A504840090E143 /* Frameworks */ = {
			isa = PBXFrameworksBuildPhase;
			buildActionMask = 2147483647;
			files = (
				D406625D25A50CA60090E143 /* Pods_Data.framework in Frameworks */,
			);
			runOnlyForDeploymentPostprocessing = 0;
		};
		D406620725A504840090E143 /* Frameworks */ = {
			isa = PBXFrameworksBuildPhase;
			buildActionMask = 2147483647;
			files = (
				D406620B25A504840090E143 /* Data.framework in Frameworks */,
				C00CD05D36F5C99AB3B89B73 /* Pods_DataTests.framework in Frameworks */,
			);
			runOnlyForDeploymentPostprocessing = 0;
		};
		D40662BC25A51A0F0090E143 /* Frameworks */ = {
			isa = PBXFrameworksBuildPhase;
			buildActionMask = 2147483647;
			files = (
				488800B201270E3BCF8A9911 /* Pods_Domain.framework in Frameworks */,
			);
			runOnlyForDeploymentPostprocessing = 0;
		};
		D40662C425A51A0F0090E143 /* Frameworks */ = {
			isa = PBXFrameworksBuildPhase;
			buildActionMask = 2147483647;
			files = (
				D40662C825A51A0F0090E143 /* Domain.framework in Frameworks */,
				3F42F34062C1824462CEE226 /* Pods_DomainTests.framework in Frameworks */,
			);
			runOnlyForDeploymentPostprocessing = 0;
		};
		D40663B025A5EEA40090E143 /* Frameworks */ = {
			isa = PBXFrameworksBuildPhase;
			buildActionMask = 2147483647;
			files = (
			);
			runOnlyForDeploymentPostprocessing = 0;
		};
/* End PBXFrameworksBuildPhase section */

/* Begin PBXGroup section */
		66AB47CB243D1570000508FB = {
			isa = PBXGroup;
			children = (
				66AB47D6243D1570000508FB /* homework */,
				D406620325A504840090E143 /* Data */,
				D406621025A504840090E143 /* DataTests */,
				D40662C025A51A0F0090E143 /* Domain */,
				D40662CD25A51A0F0090E143 /* DomainTests */,
				D40663B425A5EEA40090E143 /* Injector */,
				66AB47D5243D1570000508FB /* Products */,
				CE68B63070177FED54590BA9 /* Pods */,
				CC6D264C54197275CA648C81 /* Frameworks */,
			);
			sourceTree = "<group>";
		};
		66AB47D5243D1570000508FB /* Products */ = {
			isa = PBXGroup;
			children = (
				66AB47D4243D1570000508FB /* homework.app */,
				D406620225A504840090E143 /* Data.framework */,
				D406620A25A504840090E143 /* DataTests.xctest */,
				D40662BF25A51A0F0090E143 /* Domain.framework */,
				D40662C725A51A0F0090E143 /* DomainTests.xctest */,
				D40663B325A5EEA40090E143 /* Injector.framework */,
			);
			name = Products;
			sourceTree = "<group>";
		};
		66AB47D6243D1570000508FB /* homework */ = {
			isa = PBXGroup;
			children = (
				D406616025A3D4F50090E143 /* Modules */,
				66AB47D7243D1570000508FB /* AppDelegate.swift */,
				66AB47E0243D1572000508FB /* Assets.xcassets */,
				66AB47E2243D1572000508FB /* LaunchScreen.storyboard */,
				66AB47E5243D1572000508FB /* Info.plist */,
				40119F20245B7C0500D97CB3 /* request_body.json */,
			);
			path = homework;
			sourceTree = "<group>";
		};
		CC6D264C54197275CA648C81 /* Frameworks */ = {
			isa = PBXGroup;
			children = (
				0389D83567583EF3A1A2D1DF /* Pods_Data.framework */,
				A3C9A060D78DCD0564DE3255 /* Pods_homework.framework */,
				1741C03220FFAA84B63153A1 /* Pods_Domain.framework */,
				46498E94AD84D3C69E8A9BFA /* Pods_DataTests.framework */,
				E481068A30795E1477C1273A /* Pods_DomainTests.framework */,
			);
			name = Frameworks;
			sourceTree = "<group>";
		};
		CE68B63070177FED54590BA9 /* Pods */ = {
			isa = PBXGroup;
			children = (
				EE24037154B39BB483363D24 /* Pods-Data.debug.xcconfig */,
				2E1CE6E133CA237FF0110BCD /* Pods-Data.release.xcconfig */,
				CD8670A78E5E8DA6C9D787D5 /* Pods-homework.debug.xcconfig */,
				332FBFDD2D835B231C6537C6 /* Pods-homework.release.xcconfig */,
				CEC3D38CD74093AD5406C352 /* Pods-Domain.debug.xcconfig */,
				ED094279F9B25C36F85946E4 /* Pods-Domain.release.xcconfig */,
				55725DB31438FD385A0A6F2A /* Pods-DataTests.debug.xcconfig */,
				EED27CE10999FD4F7769D601 /* Pods-DataTests.release.xcconfig */,
				E458EF109D2F742E61E13280 /* Pods-DomainTests.debug.xcconfig */,
				F213A6BA3AF95A7E4FA11ADE /* Pods-DomainTests.release.xcconfig */,
			);
			path = Pods;
			sourceTree = "<group>";
		};
		D400F28F25A628F300450BB8 /* Mocks */ = {
			isa = PBXGroup;
			children = (
				D400F2AA25A62D5A00450BB8 /* TripsProviderMock.swift */,
			);
			path = Mocks;
			sourceTree = "<group>";
		};
		D400F29025A628F300450BB8 /* JSONS */ = {
			isa = PBXGroup;
			children = (
				D400F29125A6290E00450BB8 /* Trips.json */,
			);
			path = JSONS;
			sourceTree = "<group>";
		};
		D400F2B125A62F1D00450BB8 /* Trips */ = {
			isa = PBXGroup;
			children = (
				D400F2B225A62F1D00450BB8 /* List */,
			);
			path = Trips;
			sourceTree = "<group>";
		};
		D400F2B225A62F1D00450BB8 /* List */ = {
			isa = PBXGroup;
			children = (
				D46CC88B25A63DDF0062E288 /* Views */,
				D400F2B325A62F1D00450BB8 /* TripsListViewController.swift */,
				D400F2C125A62F9600450BB8 /* TripsListContract.swift */,
				D400F2CD25A6302500450BB8 /* TripsListPresenter.swift */,
				D4A5DE7025A6345D00C05191 /* TripsList.storyboard */,
			);
			path = List;
			sourceTree = "<group>";
		};
		D406616025A3D4F50090E143 /* Modules */ = {
			isa = PBXGroup;
			children = (
				D400F2B125A62F1D00450BB8 /* Trips */,
			);
			path = Modules;
			sourceTree = "<group>";
		};
		D406620325A504840090E143 /* Data */ = {
			isa = PBXGroup;
			children = (
				D406632325A51AD50090E143 /* Helpers */,
				D406624C25A50B0E0090E143 /* Bridge */,
				D406624F25A50B0E0090E143 /* Internal */,
				D406623625A5095C0090E143 /* Entities */,
				D406623425A5095C0090E143 /* Providers */,
				D406622225A504A30090E143 /* Services */,
				D406620425A504840090E143 /* Data.h */,
				D406620525A504840090E143 /* Info.plist */,
			);
			path = Data;
			sourceTree = "<group>";
		};
		D406621025A504840090E143 /* DataTests */ = {
			isa = PBXGroup;
			children = (
				D406646C25A60D150090E143 /* JSONS */,
				D406646D25A60D150090E143 /* Mocks */,
				D406621325A504840090E143 /* Info.plist */,
				D406649925A60E4F0090E143 /* TripsTests.swift */,
			);
			path = DataTests;
			sourceTree = "<group>";
		};
		D406622225A504A30090E143 /* Services */ = {
			isa = PBXGroup;
			children = (
				D406622325A504A30090E143 /* Contract */,
				D406622425A504A30090E143 /* Trips */,
			);
			path = Services;
			sourceTree = "<group>";
		};
		D406622325A504A30090E143 /* Contract */ = {
			isa = PBXGroup;
			children = (
				D406622525A504CD0090E143 /* ServiceContract.swift */,
			);
			path = Contract;
			sourceTree = "<group>";
		};
		D406622425A504A30090E143 /* Trips */ = {
			isa = PBXGroup;
			children = (
				D406622925A504F00090E143 /* TripsService.swift */,
			);
			path = Trips;
			sourceTree = "<group>";
		};
		D406623425A5095C0090E143 /* Providers */ = {
			isa = PBXGroup;
			children = (
				D406623525A5095C0090E143 /* TripsProvider.swift */,
			);
			path = Providers;
			sourceTree = "<group>";
		};
		D406623625A5095C0090E143 /* Entities */ = {
			isa = PBXGroup;
			children = (
				D406623A25A509E90090E143 /* WelcomeEntity.swift */,
				D406629A25A519840090E143 /* DataClassEntity.swift */,
				D406629E25A519970090E143 /* DriverEntity.swift */,
				D40662A225A519A50090E143 /* LoadsEntity.swift */,
				D40662A625A519B30090E143 /* TripEntity.swift */,
				D40662AA25A519C00090E143 /* TruckingOrderEntity.swift */,
				D40662AE25A519CD0090E143 /* LocationEntity.swift */,
				D40662B225A519D90090E143 /* AddressEntity.swift */,
				D40662B625A519E30090E143 /* CoordinatesEntity.swift */,
			);
			path = Entities;
			sourceTree = "<group>";
		};
		D406624C25A50B0E0090E143 /* Bridge */ = {
			isa = PBXGroup;
			children = (
				D406624D25A50B0E0090E143 /* Constants.swift */,
				D406624E25A50B0E0090E143 /* Auth.swift */,
			);
			path = Bridge;
			sourceTree = "<group>";
		};
		D406624F25A50B0E0090E143 /* Internal */ = {
			isa = PBXGroup;
			children = (
				D406625025A50B0E0090E143 /* DemoAuth.swift */,
			);
			path = Internal;
			sourceTree = "<group>";
		};
		D40662C025A51A0F0090E143 /* Domain */ = {
			isa = PBXGroup;
			children = (
				D40662E025A51A310090E143 /* Models */,
				D40662E125A51A310090E143 /* Providers */,
				D40662E225A51A310090E143 /* UseCases */,
				D40662C125A51A0F0090E143 /* Domain.h */,
				D40662C225A51A0F0090E143 /* Info.plist */,
			);
			path = Domain;
			sourceTree = "<group>";
		};
		D40662CD25A51A0F0090E143 /* DomainTests */ = {
			isa = PBXGroup;
			children = (
				D400F29025A628F300450BB8 /* JSONS */,
				D400F28F25A628F300450BB8 /* Mocks */,
				D40662D025A51A0F0090E143 /* Info.plist */,
				D400F2A325A6295E00450BB8 /* GetTripsListUseCaseTests.swift */,
				D400F2A225A6295E00450BB8 /* DomainTests-Bridging-Header.h */,
			);
			path = DomainTests;
			sourceTree = "<group>";
		};
		D40662E025A51A310090E143 /* Models */ = {
			isa = PBXGroup;
			children = (
				D40662E325A51A510090E143 /* Welcome.swift */,
				D40662E925A51A590090E143 /* DataClass.swift */,
				D40662EF25A51A620090E143 /* Driver.swift */,
				D40662F525A51A670090E143 /* Loads.swift */,
				D406630125A51A780090E143 /* TruckingOrder.swift */,
				D406630B25A51A880090E143 /* Trip.swift */,
				D406631125A51A8F0090E143 /* Location.swift */,
				D406631725A51A970090E143 /* Address.swift */,
				D406631D25A51AA20090E143 /* Coordinates.swift */,
			);
			path = Models;
			sourceTree = "<group>";
		};
		D40662E125A51A310090E143 /* Providers */ = {
			isa = PBXGroup;
			children = (
				D406634D25A5EB0A0090E143 /* TripsProviderContract.swift */,
			);
			path = Providers;
			sourceTree = "<group>";
		};
		D40662E225A51A310090E143 /* UseCases */ = {
			isa = PBXGroup;
			children = (
				D406635C25A5EB970090E143 /* GetTripsListUseCase.swift */,
			);
			path = UseCases;
			sourceTree = "<group>";
		};
		D406632325A51AD50090E143 /* Helpers */ = {
			isa = PBXGroup;
			children = (
				D406632425A51AE00090E143 /* DomainTransformable.swift */,
			);
			path = Helpers;
			sourceTree = "<group>";
		};
		D40663B425A5EEA40090E143 /* Injector */ = {
			isa = PBXGroup;
			children = (
				D40663B525A5EEA40090E143 /* Injector.h */,
				D40663B625A5EEA40090E143 /* Info.plist */,
				D40663C425A5EEB70090E143 /* Injector.swift */,
			);
			path = Injector;
			sourceTree = "<group>";
		};
		D406646C25A60D150090E143 /* JSONS */ = {
			isa = PBXGroup;
			children = (
				D406646E25A60D340090E143 /* Trips.json */,
			);
			path = JSONS;
			sourceTree = "<group>";
		};
		D406646D25A60D150090E143 /* Mocks */ = {
			isa = PBXGroup;
			children = (
				D406648125A60E070090E143 /* URLSessionMock.swift */,
			);
			path = Mocks;
			sourceTree = "<group>";
		};
		D46CC88B25A63DDF0062E288 /* Views */ = {
			isa = PBXGroup;
			children = (
				D46CC88C25A63E030062E288 /* TripTableViewCell.swift */,
				D46CC88D25A63E030062E288 /* TripTableViewCell.xib */,
			);
			path = Views;
			sourceTree = "<group>";
		};
/* End PBXGroup section */

/* Begin PBXHeadersBuildPhase section */
		D40661FD25A504840090E143 /* Headers */ = {
			isa = PBXHeadersBuildPhase;
			buildActionMask = 2147483647;
			files = (
				D406621425A504840090E143 /* Data.h in Headers */,
			);
			runOnlyForDeploymentPostprocessing = 0;
		};
		D40662BA25A51A0F0090E143 /* Headers */ = {
			isa = PBXHeadersBuildPhase;
			buildActionMask = 2147483647;
			files = (
				D40662D125A51A0F0090E143 /* Domain.h in Headers */,
			);
			runOnlyForDeploymentPostprocessing = 0;
		};
		D40663AE25A5EEA40090E143 /* Headers */ = {
			isa = PBXHeadersBuildPhase;
			buildActionMask = 2147483647;
			files = (
				D40663B725A5EEA40090E143 /* Injector.h in Headers */,
			);
			runOnlyForDeploymentPostprocessing = 0;
		};
/* End PBXHeadersBuildPhase section */

/* Begin PBXNativeTarget section */
		66AB47D3243D1570000508FB /* homework */ = {
			isa = PBXNativeTarget;
			buildConfigurationList = 66AB47E8243D1572000508FB /* Build configuration list for PBXNativeTarget "homework" */;
			buildPhases = (
				D6D7DFC0A9DA3295DA50EC42 /* [CP] Check Pods Manifest.lock */,
				66AB47D0243D1570000508FB /* Sources */,
				66AB47D1243D1570000508FB /* Frameworks */,
				66AB47D2243D1570000508FB /* Resources */,
				D406621925A504840090E143 /* Embed Frameworks */,
				21C7F899A71B75E6D0A924E3 /* [CP] Embed Pods Frameworks */,
			);
			buildRules = (
			);
			dependencies = (
				D406621625A504840090E143 /* PBXTargetDependency */,
				D40662D325A51A0F0090E143 /* PBXTargetDependency */,
				D40663B925A5EEA40090E143 /* PBXTargetDependency */,
			);
			name = homework;
			productName = homework;
			productReference = 66AB47D4243D1570000508FB /* homework.app */;
			productType = "com.apple.product-type.application";
		};
		D406620125A504840090E143 /* Data */ = {
			isa = PBXNativeTarget;
			buildConfigurationList = D406621E25A504840090E143 /* Build configuration list for PBXNativeTarget "Data" */;
			buildPhases = (
				7AFFB86B83BCE3F72A4B1BC8 /* [CP] Check Pods Manifest.lock */,
				D40661FD25A504840090E143 /* Headers */,
				D40661FE25A504840090E143 /* Sources */,
				D40661FF25A504840090E143 /* Frameworks */,
				D406620025A504840090E143 /* Resources */,
			);
			buildRules = (
			);
			dependencies = (
			);
			name = Data;
			productName = Data;
			productReference = D406620225A504840090E143 /* Data.framework */;
			productType = "com.apple.product-type.framework";
		};
		D406620925A504840090E143 /* DataTests */ = {
			isa = PBXNativeTarget;
			buildConfigurationList = D406621F25A504840090E143 /* Build configuration list for PBXNativeTarget "DataTests" */;
			buildPhases = (
				211E3BBDBD845B2EBE5CC9E4 /* [CP] Check Pods Manifest.lock */,
				D406620625A504840090E143 /* Sources */,
				D406620725A504840090E143 /* Frameworks */,
				D406620825A504840090E143 /* Resources */,
			);
			buildRules = (
			);
			dependencies = (
				D406620D25A504840090E143 /* PBXTargetDependency */,
				D406620F25A504840090E143 /* PBXTargetDependency */,
			);
			name = DataTests;
			productName = DataTests;
			productReference = D406620A25A504840090E143 /* DataTests.xctest */;
			productType = "com.apple.product-type.bundle.unit-test";
		};
		D40662BE25A51A0F0090E143 /* Domain */ = {
			isa = PBXNativeTarget;
			buildConfigurationList = D40662D625A51A0F0090E143 /* Build configuration list for PBXNativeTarget "Domain" */;
			buildPhases = (
				0D778F434D268D965AD96739 /* [CP] Check Pods Manifest.lock */,
				D40662BA25A51A0F0090E143 /* Headers */,
				D40662BB25A51A0F0090E143 /* Sources */,
				D40662BC25A51A0F0090E143 /* Frameworks */,
				D40662BD25A51A0F0090E143 /* Resources */,
			);
			buildRules = (
			);
			dependencies = (
			);
			name = Domain;
			productName = Domain;
			productReference = D40662BF25A51A0F0090E143 /* Domain.framework */;
			productType = "com.apple.product-type.framework";
		};
		D40662C625A51A0F0090E143 /* DomainTests */ = {
			isa = PBXNativeTarget;
			buildConfigurationList = D40662D925A51A0F0090E143 /* Build configuration list for PBXNativeTarget "DomainTests" */;
			buildPhases = (
				DF48156478D68B473C9F0C7C /* [CP] Check Pods Manifest.lock */,
				D40662C325A51A0F0090E143 /* Sources */,
				D40662C425A51A0F0090E143 /* Frameworks */,
				D40662C525A51A0F0090E143 /* Resources */,
			);
			buildRules = (
			);
			dependencies = (
				D40662CA25A51A0F0090E143 /* PBXTargetDependency */,
				D40662CC25A51A0F0090E143 /* PBXTargetDependency */,
			);
			name = DomainTests;
			productName = DomainTests;
			productReference = D40662C725A51A0F0090E143 /* DomainTests.xctest */;
			productType = "com.apple.product-type.bundle.unit-test";
		};
		D40663B225A5EEA40090E143 /* Injector */ = {
			isa = PBXNativeTarget;
			buildConfigurationList = D40663BC25A5EEA40090E143 /* Build configuration list for PBXNativeTarget "Injector" */;
			buildPhases = (
				D40663AE25A5EEA40090E143 /* Headers */,
				D40663AF25A5EEA40090E143 /* Sources */,
				D40663B025A5EEA40090E143 /* Frameworks */,
				D40663B125A5EEA40090E143 /* Resources */,
			);
			buildRules = (
			);
			dependencies = (
			);
			name = Injector;
			productName = Injector;
			productReference = D40663B325A5EEA40090E143 /* Injector.framework */;
			productType = "com.apple.product-type.framework";
		};
/* End PBXNativeTarget section */

/* Begin PBXProject section */
		66AB47CC243D1570000508FB /* Project object */ = {
			isa = PBXProject;
			attributes = {
				LastSwiftUpdateCheck = 1200;
				LastUpgradeCheck = 1130;
				ORGANIZATIONNAME = Indigo;
				TargetAttributes = {
					66AB47D3243D1570000508FB = {
						CreatedOnToolsVersion = 11.3.1;
					};
					D406620125A504840090E143 = {
						CreatedOnToolsVersion = 12.0;
						LastSwiftMigration = 1200;
					};
					D406620925A504840090E143 = {
						CreatedOnToolsVersion = 12.0;
						TestTargetID = 66AB47D3243D1570000508FB;
					};
					D40662BE25A51A0F0090E143 = {
						CreatedOnToolsVersion = 12.0;
						LastSwiftMigration = 1200;
					};
					D40662C625A51A0F0090E143 = {
						CreatedOnToolsVersion = 12.0;
						LastSwiftMigration = 1200;
						TestTargetID = 66AB47D3243D1570000508FB;
					};
					D40663B225A5EEA40090E143 = {
						CreatedOnToolsVersion = 12.0;
						LastSwiftMigration = 1200;
					};
				};
			};
			buildConfigurationList = 66AB47CF243D1570000508FB /* Build configuration list for PBXProject "homework" */;
			compatibilityVersion = "Xcode 9.3";
			developmentRegion = en;
			hasScannedForEncodings = 0;
			knownRegions = (
				en,
				Base,
			);
			mainGroup = 66AB47CB243D1570000508FB;
			productRefGroup = 66AB47D5243D1570000508FB /* Products */;
			projectDirPath = "";
			projectRoot = "";
			targets = (
				66AB47D3243D1570000508FB /* homework */,
				D406620125A504840090E143 /* Data */,
				D406620925A504840090E143 /* DataTests */,
				D40662BE25A51A0F0090E143 /* Domain */,
				D40662C625A51A0F0090E143 /* DomainTests */,
				D40663B225A5EEA40090E143 /* Injector */,
			);
		};
/* End PBXProject section */

/* Begin PBXResourcesBuildPhase section */
		66AB47D2243D1570000508FB /* Resources */ = {
			isa = PBXResourcesBuildPhase;
			buildActionMask = 2147483647;
			files = (
				66AB47E4243D1572000508FB /* LaunchScreen.storyboard in Resources */,
				D4A5DE7125A6345D00C05191 /* TripsList.storyboard in Resources */,
				66AB47E1243D1572000508FB /* Assets.xcassets in Resources */,
				D46CC88F25A63E030062E288 /* TripTableViewCell.xib in Resources */,
				40119F21245B7C0500D97CB3 /* request_body.json in Resources */,
			);
			runOnlyForDeploymentPostprocessing = 0;
		};
		D406620025A504840090E143 /* Resources */ = {
			isa = PBXResourcesBuildPhase;
			buildActionMask = 2147483647;
			files = (
			);
			runOnlyForDeploymentPostprocessing = 0;
		};
		D406620825A504840090E143 /* Resources */ = {
			isa = PBXResourcesBuildPhase;
			buildActionMask = 2147483647;
			files = (
				D406646F25A60D350090E143 /* Trips.json in Resources */,
			);
			runOnlyForDeploymentPostprocessing = 0;
		};
		D40662BD25A51A0F0090E143 /* Resources */ = {
			isa = PBXResourcesBuildPhase;
			buildActionMask = 2147483647;
			files = (
			);
			runOnlyForDeploymentPostprocessing = 0;
		};
		D40662C525A51A0F0090E143 /* Resources */ = {
			isa = PBXResourcesBuildPhase;
			buildActionMask = 2147483647;
			files = (
				D400F29225A6290E00450BB8 /* Trips.json in Resources */,
			);
			runOnlyForDeploymentPostprocessing = 0;
		};
		D40663B125A5EEA40090E143 /* Resources */ = {
			isa = PBXResourcesBuildPhase;
			buildActionMask = 2147483647;
			files = (
			);
			runOnlyForDeploymentPostprocessing = 0;
		};
/* End PBXResourcesBuildPhase section */

/* Begin PBXShellScriptBuildPhase section */
		0D778F434D268D965AD96739 /* [CP] Check Pods Manifest.lock */ = {
			isa = PBXShellScriptBuildPhase;
			buildActionMask = 2147483647;
			files = (
			);
			inputFileListPaths = (
			);
			inputPaths = (
				"${PODS_PODFILE_DIR_PATH}/Podfile.lock",
				"${PODS_ROOT}/Manifest.lock",
			);
			name = "[CP] Check Pods Manifest.lock";
			outputFileListPaths = (
			);
			outputPaths = (
				"$(DERIVED_FILE_DIR)/Pods-Domain-checkManifestLockResult.txt",
			);
			runOnlyForDeploymentPostprocessing = 0;
			shellPath = /bin/sh;
			shellScript = "diff \"${PODS_PODFILE_DIR_PATH}/Podfile.lock\" \"${PODS_ROOT}/Manifest.lock\" > /dev/null\nif [ $? != 0 ] ; then\n    # print error to STDERR\n    echo \"error: The sandbox is not in sync with the Podfile.lock. Run 'pod install' or update your CocoaPods installation.\" >&2\n    exit 1\nfi\n# This output is used by Xcode 'outputs' to avoid re-running this script phase.\necho \"SUCCESS\" > \"${SCRIPT_OUTPUT_FILE_0}\"\n";
			showEnvVarsInLog = 0;
		};
		211E3BBDBD845B2EBE5CC9E4 /* [CP] Check Pods Manifest.lock */ = {
			isa = PBXShellScriptBuildPhase;
			buildActionMask = 2147483647;
			files = (
			);
			inputFileListPaths = (
			);
			inputPaths = (
				"${PODS_PODFILE_DIR_PATH}/Podfile.lock",
				"${PODS_ROOT}/Manifest.lock",
			);
			name = "[CP] Check Pods Manifest.lock";
			outputFileListPaths = (
			);
			outputPaths = (
				"$(DERIVED_FILE_DIR)/Pods-DataTests-checkManifestLockResult.txt",
			);
			runOnlyForDeploymentPostprocessing = 0;
			shellPath = /bin/sh;
			shellScript = "diff \"${PODS_PODFILE_DIR_PATH}/Podfile.lock\" \"${PODS_ROOT}/Manifest.lock\" > /dev/null\nif [ $? != 0 ] ; then\n    # print error to STDERR\n    echo \"error: The sandbox is not in sync with the Podfile.lock. Run 'pod install' or update your CocoaPods installation.\" >&2\n    exit 1\nfi\n# This output is used by Xcode 'outputs' to avoid re-running this script phase.\necho \"SUCCESS\" > \"${SCRIPT_OUTPUT_FILE_0}\"\n";
			showEnvVarsInLog = 0;
		};
		21C7F899A71B75E6D0A924E3 /* [CP] Embed Pods Frameworks */ = {
			isa = PBXShellScriptBuildPhase;
			buildActionMask = 2147483647;
			files = (
			);
			inputFileListPaths = (
				"${PODS_ROOT}/Target Support Files/Pods-homework/Pods-homework-frameworks-${CONFIGURATION}-input-files.xcfilelist",
			);
			name = "[CP] Embed Pods Frameworks";
			outputFileListPaths = (
				"${PODS_ROOT}/Target Support Files/Pods-homework/Pods-homework-frameworks-${CONFIGURATION}-output-files.xcfilelist",
			);
			runOnlyForDeploymentPostprocessing = 0;
			shellPath = /bin/sh;
			shellScript = "\"${PODS_ROOT}/Target Support Files/Pods-homework/Pods-homework-frameworks.sh\"\n";
			showEnvVarsInLog = 0;
		};
		7AFFB86B83BCE3F72A4B1BC8 /* [CP] Check Pods Manifest.lock */ = {
			isa = PBXShellScriptBuildPhase;
			buildActionMask = 2147483647;
			files = (
			);
			inputFileListPaths = (
			);
			inputPaths = (
				"${PODS_PODFILE_DIR_PATH}/Podfile.lock",
				"${PODS_ROOT}/Manifest.lock",
			);
			name = "[CP] Check Pods Manifest.lock";
			outputFileListPaths = (
			);
			outputPaths = (
				"$(DERIVED_FILE_DIR)/Pods-Data-checkManifestLockResult.txt",
			);
			runOnlyForDeploymentPostprocessing = 0;
			shellPath = /bin/sh;
			shellScript = "diff \"${PODS_PODFILE_DIR_PATH}/Podfile.lock\" \"${PODS_ROOT}/Manifest.lock\" > /dev/null\nif [ $? != 0 ] ; then\n    # print error to STDERR\n    echo \"error: The sandbox is not in sync with the Podfile.lock. Run 'pod install' or update your CocoaPods installation.\" >&2\n    exit 1\nfi\n# This output is used by Xcode 'outputs' to avoid re-running this script phase.\necho \"SUCCESS\" > \"${SCRIPT_OUTPUT_FILE_0}\"\n";
			showEnvVarsInLog = 0;
		};
		D6D7DFC0A9DA3295DA50EC42 /* [CP] Check Pods Manifest.lock */ = {
			isa = PBXShellScriptBuildPhase;
			buildActionMask = 2147483647;
			files = (
			);
			inputFileListPaths = (
			);
			inputPaths = (
				"${PODS_PODFILE_DIR_PATH}/Podfile.lock",
				"${PODS_ROOT}/Manifest.lock",
			);
			name = "[CP] Check Pods Manifest.lock";
			outputFileListPaths = (
			);
			outputPaths = (
				"$(DERIVED_FILE_DIR)/Pods-homework-checkManifestLockResult.txt",
			);
			runOnlyForDeploymentPostprocessing = 0;
			shellPath = /bin/sh;
			shellScript = "diff \"${PODS_PODFILE_DIR_PATH}/Podfile.lock\" \"${PODS_ROOT}/Manifest.lock\" > /dev/null\nif [ $? != 0 ] ; then\n    # print error to STDERR\n    echo \"error: The sandbox is not in sync with the Podfile.lock. Run 'pod install' or update your CocoaPods installation.\" >&2\n    exit 1\nfi\n# This output is used by Xcode 'outputs' to avoid re-running this script phase.\necho \"SUCCESS\" > \"${SCRIPT_OUTPUT_FILE_0}\"\n";
			showEnvVarsInLog = 0;
		};
		DF48156478D68B473C9F0C7C /* [CP] Check Pods Manifest.lock */ = {
			isa = PBXShellScriptBuildPhase;
			buildActionMask = 2147483647;
			files = (
			);
			inputFileListPaths = (
			);
			inputPaths = (
				"${PODS_PODFILE_DIR_PATH}/Podfile.lock",
				"${PODS_ROOT}/Manifest.lock",
			);
			name = "[CP] Check Pods Manifest.lock";
			outputFileListPaths = (
			);
			outputPaths = (
				"$(DERIVED_FILE_DIR)/Pods-DomainTests-checkManifestLockResult.txt",
			);
			runOnlyForDeploymentPostprocessing = 0;
			shellPath = /bin/sh;
			shellScript = "diff \"${PODS_PODFILE_DIR_PATH}/Podfile.lock\" \"${PODS_ROOT}/Manifest.lock\" > /dev/null\nif [ $? != 0 ] ; then\n    # print error to STDERR\n    echo \"error: The sandbox is not in sync with the Podfile.lock. Run 'pod install' or update your CocoaPods installation.\" >&2\n    exit 1\nfi\n# This output is used by Xcode 'outputs' to avoid re-running this script phase.\necho \"SUCCESS\" > \"${SCRIPT_OUTPUT_FILE_0}\"\n";
			showEnvVarsInLog = 0;
		};
/* End PBXShellScriptBuildPhase section */

/* Begin PBXSourcesBuildPhase section */
		66AB47D0243D1570000508FB /* Sources */ = {
			isa = PBXSourcesBuildPhase;
			buildActionMask = 2147483647;
			files = (
				66AB47D8243D1570000508FB /* AppDelegate.swift in Sources */,
				D400F2CE25A6302500450BB8 /* TripsListPresenter.swift in Sources */,
				D400F2B525A62F1D00450BB8 /* TripsListViewController.swift in Sources */,
				D400F2C225A62F9600450BB8 /* TripsListContract.swift in Sources */,
				D46CC88E25A63E030062E288 /* TripTableViewCell.swift in Sources */,
			);
			runOnlyForDeploymentPostprocessing = 0;
		};
		D40661FE25A504840090E143 /* Sources */ = {
			isa = PBXSourcesBuildPhase;
			buildActionMask = 2147483647;
			files = (
				D406625125A50B0E0090E143 /* Constants.swift in Sources */,
				D406623B25A509E90090E143 /* WelcomeEntity.swift in Sources */,
				D406622A25A504F00090E143 /* TripsService.swift in Sources */,
				D406623725A5095C0090E143 /* TripsProvider.swift in Sources */,
				D40662AB25A519C00090E143 /* TruckingOrderEntity.swift in Sources */,
				D40662A325A519A50090E143 /* LoadsEntity.swift in Sources */,
				D406622625A504CD0090E143 /* ServiceContract.swift in Sources */,
				D406629F25A519970090E143 /* DriverEntity.swift in Sources */,
				D406629B25A519840090E143 /* DataClassEntity.swift in Sources */,
				D40662A725A519B30090E143 /* TripEntity.swift in Sources */,
				D406625225A50B0E0090E143 /* Auth.swift in Sources */,
				D40662B725A519E30090E143 /* CoordinatesEntity.swift in Sources */,
				D406632525A51AE00090E143 /* DomainTransformable.swift in Sources */,
				D40662B325A519D90090E143 /* AddressEntity.swift in Sources */,
				D40662AF25A519CD0090E143 /* LocationEntity.swift in Sources */,
				D406625325A50B0E0090E143 /* DemoAuth.swift in Sources */,
			);
			runOnlyForDeploymentPostprocessing = 0;
		};
		D406620625A504840090E143 /* Sources */ = {
			isa = PBXSourcesBuildPhase;
			buildActionMask = 2147483647;
			files = (
				D406649A25A60E4F0090E143 /* TripsTests.swift in Sources */,
				D406648225A60E070090E143 /* URLSessionMock.swift in Sources */,
			);
			runOnlyForDeploymentPostprocessing = 0;
		};
		D40662BB25A51A0F0090E143 /* Sources */ = {
			isa = PBXSourcesBuildPhase;
			buildActionMask = 2147483647;
			files = (
				D406630C25A51A880090E143 /* Trip.swift in Sources */,
				D406634E25A5EB0A0090E143 /* TripsProviderContract.swift in Sources */,
				D40662F025A51A620090E143 /* Driver.swift in Sources */,
				D406635D25A5EB970090E143 /* GetTripsListUseCase.swift in Sources */,
				D40662F625A51A670090E143 /* Loads.swift in Sources */,
				D406630225A51A780090E143 /* TruckingOrder.swift in Sources */,
				D40662EA25A51A590090E143 /* DataClass.swift in Sources */,
				D40662E425A51A510090E143 /* Welcome.swift in Sources */,
				D406631E25A51AA20090E143 /* Coordinates.swift in Sources */,
				D406631825A51A970090E143 /* Address.swift in Sources */,
				D406631225A51A8F0090E143 /* Location.swift in Sources */,
			);
			runOnlyForDeploymentPostprocessing = 0;
		};
		D40662C325A51A0F0090E143 /* Sources */ = {
			isa = PBXSourcesBuildPhase;
			buildActionMask = 2147483647;
			files = (
				D400F2A425A6295E00450BB8 /* GetTripsListUseCaseTests.swift in Sources */,
				D400F2AB25A62D5A00450BB8 /* TripsProviderMock.swift in Sources */,
			);
			runOnlyForDeploymentPostprocessing = 0;
		};
		D40663AF25A5EEA40090E143 /* Sources */ = {
			isa = PBXSourcesBuildPhase;
			buildActionMask = 2147483647;
			files = (
				D40663C525A5EEB70090E143 /* Injector.swift in Sources */,
			);
			runOnlyForDeploymentPostprocessing = 0;
		};
/* End PBXSourcesBuildPhase section */

/* Begin PBXTargetDependency section */
		D406620D25A504840090E143 /* PBXTargetDependency */ = {
			isa = PBXTargetDependency;
			target = D406620125A504840090E143 /* Data */;
			targetProxy = D406620C25A504840090E143 /* PBXContainerItemProxy */;
		};
		D406620F25A504840090E143 /* PBXTargetDependency */ = {
			isa = PBXTargetDependency;
			target = 66AB47D3243D1570000508FB /* homework */;
			targetProxy = D406620E25A504840090E143 /* PBXContainerItemProxy */;
		};
		D406621625A504840090E143 /* PBXTargetDependency */ = {
			isa = PBXTargetDependency;
			target = D406620125A504840090E143 /* Data */;
			targetProxy = D406621525A504840090E143 /* PBXContainerItemProxy */;
		};
		D40662CA25A51A0F0090E143 /* PBXTargetDependency */ = {
			isa = PBXTargetDependency;
			target = D40662BE25A51A0F0090E143 /* Domain */;
			targetProxy = D40662C925A51A0F0090E143 /* PBXContainerItemProxy */;
		};
		D40662CC25A51A0F0090E143 /* PBXTargetDependency */ = {
			isa = PBXTargetDependency;
			target = 66AB47D3243D1570000508FB /* homework */;
			targetProxy = D40662CB25A51A0F0090E143 /* PBXContainerItemProxy */;
		};
		D40662D325A51A0F0090E143 /* PBXTargetDependency */ = {
			isa = PBXTargetDependency;
			target = D40662BE25A51A0F0090E143 /* Domain */;
			targetProxy = D40662D225A51A0F0090E143 /* PBXContainerItemProxy */;
		};
		D40663B925A5EEA40090E143 /* PBXTargetDependency */ = {
			isa = PBXTargetDependency;
			target = D40663B225A5EEA40090E143 /* Injector */;
			targetProxy = D40663B825A5EEA40090E143 /* PBXContainerItemProxy */;
		};
/* End PBXTargetDependency section */

/* Begin PBXVariantGroup section */
		66AB47E2243D1572000508FB /* LaunchScreen.storyboard */ = {
			isa = PBXVariantGroup;
			children = (
				66AB47E3243D1572000508FB /* Base */,
			);
			name = LaunchScreen.storyboard;
			sourceTree = "<group>";
		};
/* End PBXVariantGroup section */

/* Begin XCBuildConfiguration section */
		66AB47E6243D1572000508FB /* Debug */ = {
			isa = XCBuildConfiguration;
			buildSettings = {
				ALWAYS_SEARCH_USER_PATHS = NO;
				CLANG_ANALYZER_NONNULL = YES;
				CLANG_ANALYZER_NUMBER_OBJECT_CONVERSION = YES_AGGRESSIVE;
				CLANG_CXX_LANGUAGE_STANDARD = "gnu++14";
				CLANG_CXX_LIBRARY = "libc++";
				CLANG_ENABLE_MODULES = YES;
				CLANG_ENABLE_OBJC_ARC = YES;
				CLANG_ENABLE_OBJC_WEAK = YES;
				CLANG_WARN_BLOCK_CAPTURE_AUTORELEASING = YES;
				CLANG_WARN_BOOL_CONVERSION = YES;
				CLANG_WARN_COMMA = YES;
				CLANG_WARN_CONSTANT_CONVERSION = YES;
				CLANG_WARN_DEPRECATED_OBJC_IMPLEMENTATIONS = YES;
				CLANG_WARN_DIRECT_OBJC_ISA_USAGE = YES_ERROR;
				CLANG_WARN_DOCUMENTATION_COMMENTS = YES;
				CLANG_WARN_EMPTY_BODY = YES;
				CLANG_WARN_ENUM_CONVERSION = YES;
				CLANG_WARN_INFINITE_RECURSION = YES;
				CLANG_WARN_INT_CONVERSION = YES;
				CLANG_WARN_NON_LITERAL_NULL_CONVERSION = YES;
				CLANG_WARN_OBJC_IMPLICIT_RETAIN_SELF = YES;
				CLANG_WARN_OBJC_LITERAL_CONVERSION = YES;
				CLANG_WARN_OBJC_ROOT_CLASS = YES_ERROR;
				CLANG_WARN_RANGE_LOOP_ANALYSIS = YES;
				CLANG_WARN_STRICT_PROTOTYPES = YES;
				CLANG_WARN_SUSPICIOUS_MOVE = YES;
				CLANG_WARN_UNGUARDED_AVAILABILITY = YES_AGGRESSIVE;
				CLANG_WARN_UNREACHABLE_CODE = YES;
				CLANG_WARN__DUPLICATE_METHOD_MATCH = YES;
				COPY_PHASE_STRIP = NO;
				DEBUG_INFORMATION_FORMAT = dwarf;
				ENABLE_STRICT_OBJC_MSGSEND = YES;
				ENABLE_TESTABILITY = YES;
				GCC_C_LANGUAGE_STANDARD = gnu11;
				GCC_DYNAMIC_NO_PIC = NO;
				GCC_NO_COMMON_BLOCKS = YES;
				GCC_OPTIMIZATION_LEVEL = 0;
				GCC_PREPROCESSOR_DEFINITIONS = (
					"DEBUG=1",
					"$(inherited)",
				);
				GCC_WARN_64_TO_32_BIT_CONVERSION = YES;
				GCC_WARN_ABOUT_RETURN_TYPE = YES_ERROR;
				GCC_WARN_UNDECLARED_SELECTOR = YES;
				GCC_WARN_UNINITIALIZED_AUTOS = YES_AGGRESSIVE;
				GCC_WARN_UNUSED_FUNCTION = YES;
				GCC_WARN_UNUSED_VARIABLE = YES;
				IPHONEOS_DEPLOYMENT_TARGET = 13.2;
				MTL_ENABLE_DEBUG_INFO = INCLUDE_SOURCE;
				MTL_FAST_MATH = YES;
				ONLY_ACTIVE_ARCH = YES;
				SDKROOT = iphoneos;
				SWIFT_ACTIVE_COMPILATION_CONDITIONS = DEBUG;
				SWIFT_OPTIMIZATION_LEVEL = "-Onone";
			};
			name = Debug;
		};
		66AB47E7243D1572000508FB /* Release */ = {
			isa = XCBuildConfiguration;
			buildSettings = {
				ALWAYS_SEARCH_USER_PATHS = NO;
				CLANG_ANALYZER_NONNULL = YES;
				CLANG_ANALYZER_NUMBER_OBJECT_CONVERSION = YES_AGGRESSIVE;
				CLANG_CXX_LANGUAGE_STANDARD = "gnu++14";
				CLANG_CXX_LIBRARY = "libc++";
				CLANG_ENABLE_MODULES = YES;
				CLANG_ENABLE_OBJC_ARC = YES;
				CLANG_ENABLE_OBJC_WEAK = YES;
				CLANG_WARN_BLOCK_CAPTURE_AUTORELEASING = YES;
				CLANG_WARN_BOOL_CONVERSION = YES;
				CLANG_WARN_COMMA = YES;
				CLANG_WARN_CONSTANT_CONVERSION = YES;
				CLANG_WARN_DEPRECATED_OBJC_IMPLEMENTATIONS = YES;
				CLANG_WARN_DIRECT_OBJC_ISA_USAGE = YES_ERROR;
				CLANG_WARN_DOCUMENTATION_COMMENTS = YES;
				CLANG_WARN_EMPTY_BODY = YES;
				CLANG_WARN_ENUM_CONVERSION = YES;
				CLANG_WARN_INFINITE_RECURSION = YES;
				CLANG_WARN_INT_CONVERSION = YES;
				CLANG_WARN_NON_LITERAL_NULL_CONVERSION = YES;
				CLANG_WARN_OBJC_IMPLICIT_RETAIN_SELF = YES;
				CLANG_WARN_OBJC_LITERAL_CONVERSION = YES;
				CLANG_WARN_OBJC_ROOT_CLASS = YES_ERROR;
				CLANG_WARN_RANGE_LOOP_ANALYSIS = YES;
				CLANG_WARN_STRICT_PROTOTYPES = YES;
				CLANG_WARN_SUSPICIOUS_MOVE = YES;
				CLANG_WARN_UNGUARDED_AVAILABILITY = YES_AGGRESSIVE;
				CLANG_WARN_UNREACHABLE_CODE = YES;
				CLANG_WARN__DUPLICATE_METHOD_MATCH = YES;
				COPY_PHASE_STRIP = NO;
				DEBUG_INFORMATION_FORMAT = "dwarf-with-dsym";
				ENABLE_NS_ASSERTIONS = NO;
				ENABLE_STRICT_OBJC_MSGSEND = YES;
				GCC_C_LANGUAGE_STANDARD = gnu11;
				GCC_NO_COMMON_BLOCKS = YES;
				GCC_WARN_64_TO_32_BIT_CONVERSION = YES;
				GCC_WARN_ABOUT_RETURN_TYPE = YES_ERROR;
				GCC_WARN_UNDECLARED_SELECTOR = YES;
				GCC_WARN_UNINITIALIZED_AUTOS = YES_AGGRESSIVE;
				GCC_WARN_UNUSED_FUNCTION = YES;
				GCC_WARN_UNUSED_VARIABLE = YES;
				IPHONEOS_DEPLOYMENT_TARGET = 13.2;
				MTL_ENABLE_DEBUG_INFO = NO;
				MTL_FAST_MATH = YES;
				SDKROOT = iphoneos;
				SWIFT_COMPILATION_MODE = wholemodule;
				SWIFT_OPTIMIZATION_LEVEL = "-O";
				VALIDATE_PRODUCT = YES;
			};
			name = Release;
		};
		66AB47E9243D1572000508FB /* Debug */ = {
			isa = XCBuildConfiguration;
			baseConfigurationReference = CD8670A78E5E8DA6C9D787D5 /* Pods-homework.debug.xcconfig */;
			buildSettings = {
				ALWAYS_EMBED_SWIFT_STANDARD_LIBRARIES = YES;
				ASSETCATALOG_COMPILER_APPICON_NAME = AppIcon;
				CODE_SIGN_STYLE = Automatic;
				DEVELOPMENT_TEAM = Y7D24J646Q;
				INFOPLIST_FILE = homework/Info.plist;
				LD_RUNPATH_SEARCH_PATHS = (
					"$(inherited)",
					"@executable_path/Frameworks",
				);
				PRODUCT_BUNDLE_IDENTIFIER = com.indigoag.homework;
				PRODUCT_NAME = "$(TARGET_NAME)";
				SWIFT_VERSION = 5.0;
				TARGETED_DEVICE_FAMILY = "1,2";
			};
			name = Debug;
		};
		66AB47EA243D1572000508FB /* Release */ = {
			isa = XCBuildConfiguration;
			baseConfigurationReference = 332FBFDD2D835B231C6537C6 /* Pods-homework.release.xcconfig */;
			buildSettings = {
				ALWAYS_EMBED_SWIFT_STANDARD_LIBRARIES = YES;
				ASSETCATALOG_COMPILER_APPICON_NAME = AppIcon;
				CODE_SIGN_STYLE = Automatic;
				DEVELOPMENT_TEAM = Y7D24J646Q;
				INFOPLIST_FILE = homework/Info.plist;
				LD_RUNPATH_SEARCH_PATHS = (
					"$(inherited)",
					"@executable_path/Frameworks",
				);
				PRODUCT_BUNDLE_IDENTIFIER = com.indigoag.homework;
				PRODUCT_NAME = "$(TARGET_NAME)";
				SWIFT_VERSION = 5.0;
				TARGETED_DEVICE_FAMILY = "1,2";
			};
			name = Release;
		};
		D406621A25A504840090E143 /* Debug */ = {
			isa = XCBuildConfiguration;
			baseConfigurationReference = EE24037154B39BB483363D24 /* Pods-Data.debug.xcconfig */;
			buildSettings = {
				CLANG_ENABLE_MODULES = YES;
				CLANG_WARN_QUOTED_INCLUDE_IN_FRAMEWORK_HEADER = YES;
				CODE_SIGN_STYLE = Automatic;
				CURRENT_PROJECT_VERSION = 1;
				DEFINES_MODULE = YES;
				DEVELOPMENT_TEAM = Y7D24J646Q;
				DYLIB_COMPATIBILITY_VERSION = 1;
				DYLIB_CURRENT_VERSION = 1;
				DYLIB_INSTALL_NAME_BASE = "@rpath";
				INFOPLIST_FILE = Data/Info.plist;
				INSTALL_PATH = "$(LOCAL_LIBRARY_DIR)/Frameworks";
				IPHONEOS_DEPLOYMENT_TARGET = 13.2;
				LD_RUNPATH_SEARCH_PATHS = (
					"$(inherited)",
					"@executable_path/Frameworks",
					"@loader_path/Frameworks",
				);
				PRODUCT_BUNDLE_IDENTIFIER = com.sdbt.Data;
				PRODUCT_NAME = "$(TARGET_NAME:c99extidentifier)";
				SKIP_INSTALL = YES;
				SWIFT_OPTIMIZATION_LEVEL = "-Onone";
				SWIFT_VERSION = 5.0;
				TARGETED_DEVICE_FAMILY = "1,2";
				VERSIONING_SYSTEM = "apple-generic";
				VERSION_INFO_PREFIX = "";
			};
			name = Debug;
		};
		D406621B25A504840090E143 /* Release */ = {
			isa = XCBuildConfiguration;
			baseConfigurationReference = 2E1CE6E133CA237FF0110BCD /* Pods-Data.release.xcconfig */;
			buildSettings = {
				CLANG_ENABLE_MODULES = YES;
				CLANG_WARN_QUOTED_INCLUDE_IN_FRAMEWORK_HEADER = YES;
				CODE_SIGN_STYLE = Automatic;
				CURRENT_PROJECT_VERSION = 1;
				DEFINES_MODULE = YES;
				DEVELOPMENT_TEAM = Y7D24J646Q;
				DYLIB_COMPATIBILITY_VERSION = 1;
				DYLIB_CURRENT_VERSION = 1;
				DYLIB_INSTALL_NAME_BASE = "@rpath";
				INFOPLIST_FILE = Data/Info.plist;
				INSTALL_PATH = "$(LOCAL_LIBRARY_DIR)/Frameworks";
				IPHONEOS_DEPLOYMENT_TARGET = 13.2;
				LD_RUNPATH_SEARCH_PATHS = (
					"$(inherited)",
					"@executable_path/Frameworks",
					"@loader_path/Frameworks",
				);
				PRODUCT_BUNDLE_IDENTIFIER = com.sdbt.Data;
				PRODUCT_NAME = "$(TARGET_NAME:c99extidentifier)";
				SKIP_INSTALL = YES;
				SWIFT_VERSION = 5.0;
				TARGETED_DEVICE_FAMILY = "1,2";
				VERSIONING_SYSTEM = "apple-generic";
				VERSION_INFO_PREFIX = "";
			};
			name = Release;
		};
		D406621C25A504840090E143 /* Debug */ = {
			isa = XCBuildConfiguration;
			baseConfigurationReference = 55725DB31438FD385A0A6F2A /* Pods-DataTests.debug.xcconfig */;
			buildSettings = {
				ALWAYS_EMBED_SWIFT_STANDARD_LIBRARIES = YES;
				CLANG_WARN_QUOTED_INCLUDE_IN_FRAMEWORK_HEADER = YES;
				CODE_SIGN_STYLE = Automatic;
				DEVELOPMENT_TEAM = RR93ZA7D55;
				INFOPLIST_FILE = DataTests/Info.plist;
				IPHONEOS_DEPLOYMENT_TARGET = 14.0;
				LD_RUNPATH_SEARCH_PATHS = (
					"$(inherited)",
					"@executable_path/Frameworks",
					"@loader_path/Frameworks",
				);
				PRODUCT_BUNDLE_IDENTIFIER = com.sdbt.DataTests;
				PRODUCT_NAME = "$(TARGET_NAME)";
				SWIFT_VERSION = 5.0;
				TARGETED_DEVICE_FAMILY = "1,2";
				TEST_HOST = "$(BUILT_PRODUCTS_DIR)/homework.app/homework";
			};
			name = Debug;
		};
		D406621D25A504840090E143 /* Release */ = {
			isa = XCBuildConfiguration;
			baseConfigurationReference = EED27CE10999FD4F7769D601 /* Pods-DataTests.release.xcconfig */;
			buildSettings = {
				ALWAYS_EMBED_SWIFT_STANDARD_LIBRARIES = YES;
				CLANG_WARN_QUOTED_INCLUDE_IN_FRAMEWORK_HEADER = YES;
				CODE_SIGN_STYLE = Automatic;
				DEVELOPMENT_TEAM = RR93ZA7D55;
				INFOPLIST_FILE = DataTests/Info.plist;
				IPHONEOS_DEPLOYMENT_TARGET = 14.0;
				LD_RUNPATH_SEARCH_PATHS = (
					"$(inherited)",
					"@executable_path/Frameworks",
					"@loader_path/Frameworks",
				);
				PRODUCT_BUNDLE_IDENTIFIER = com.sdbt.DataTests;
				PRODUCT_NAME = "$(TARGET_NAME)";
				SWIFT_VERSION = 5.0;
				TARGETED_DEVICE_FAMILY = "1,2";
				TEST_HOST = "$(BUILT_PRODUCTS_DIR)/homework.app/homework";
			};
			name = Release;
		};
		D40662D725A51A0F0090E143 /* Debug */ = {
			isa = XCBuildConfiguration;
			baseConfigurationReference = CEC3D38CD74093AD5406C352 /* Pods-Domain.debug.xcconfig */;
			buildSettings = {
				CLANG_ENABLE_MODULES = YES;
				CLANG_WARN_QUOTED_INCLUDE_IN_FRAMEWORK_HEADER = YES;
				CODE_SIGN_STYLE = Automatic;
				CURRENT_PROJECT_VERSION = 1;
				DEFINES_MODULE = YES;
				DEVELOPMENT_TEAM = Y7D24J646Q;
				DYLIB_COMPATIBILITY_VERSION = 1;
				DYLIB_CURRENT_VERSION = 1;
				DYLIB_INSTALL_NAME_BASE = "@rpath";
				INFOPLIST_FILE = Domain/Info.plist;
				INSTALL_PATH = "$(LOCAL_LIBRARY_DIR)/Frameworks";
				IPHONEOS_DEPLOYMENT_TARGET = 13.2;
				LD_RUNPATH_SEARCH_PATHS = (
					"$(inherited)",
					"@executable_path/Frameworks",
					"@loader_path/Frameworks",
				);
				PRODUCT_BUNDLE_IDENTIFIER = com.sdbt.Domain;
				PRODUCT_NAME = "$(TARGET_NAME:c99extidentifier)";
				SKIP_INSTALL = YES;
				SWIFT_OPTIMIZATION_LEVEL = "-Onone";
				SWIFT_VERSION = 5.0;
				TARGETED_DEVICE_FAMILY = "1,2";
				VERSIONING_SYSTEM = "apple-generic";
				VERSION_INFO_PREFIX = "";
			};
			name = Debug;
		};
		D40662D825A51A0F0090E143 /* Release */ = {
			isa = XCBuildConfiguration;
			baseConfigurationReference = ED094279F9B25C36F85946E4 /* Pods-Domain.release.xcconfig */;
			buildSettings = {
				CLANG_ENABLE_MODULES = YES;
				CLANG_WARN_QUOTED_INCLUDE_IN_FRAMEWORK_HEADER = YES;
				CODE_SIGN_STYLE = Automatic;
				CURRENT_PROJECT_VERSION = 1;
				DEFINES_MODULE = YES;
				DEVELOPMENT_TEAM = Y7D24J646Q;
				DYLIB_COMPATIBILITY_VERSION = 1;
				DYLIB_CURRENT_VERSION = 1;
				DYLIB_INSTALL_NAME_BASE = "@rpath";
				INFOPLIST_FILE = Domain/Info.plist;
				INSTALL_PATH = "$(LOCAL_LIBRARY_DIR)/Frameworks";
				IPHONEOS_DEPLOYMENT_TARGET = 13.2;
				LD_RUNPATH_SEARCH_PATHS = (
					"$(inherited)",
					"@executable_path/Frameworks",
					"@loader_path/Frameworks",
				);
				PRODUCT_BUNDLE_IDENTIFIER = com.sdbt.Domain;
				PRODUCT_NAME = "$(TARGET_NAME:c99extidentifier)";
				SKIP_INSTALL = YES;
				SWIFT_VERSION = 5.0;
				TARGETED_DEVICE_FAMILY = "1,2";
				VERSIONING_SYSTEM = "apple-generic";
				VERSION_INFO_PREFIX = "";
			};
			name = Release;
		};
		D40662DA25A51A0F0090E143 /* Debug */ = {
			isa = XCBuildConfiguration;
			baseConfigurationReference = E458EF109D2F742E61E13280 /* Pods-DomainTests.debug.xcconfig */;
			buildSettings = {
				ALWAYS_EMBED_SWIFT_STANDARD_LIBRARIES = YES;
				CLANG_ENABLE_MODULES = YES;
				CLANG_WARN_QUOTED_INCLUDE_IN_FRAMEWORK_HEADER = YES;
				CODE_SIGN_STYLE = Automatic;
				DEVELOPMENT_TEAM = RR93ZA7D55;
				INFOPLIST_FILE = DomainTests/Info.plist;
				IPHONEOS_DEPLOYMENT_TARGET = 14.0;
				LD_RUNPATH_SEARCH_PATHS = (
					"$(inherited)",
					"@executable_path/Frameworks",
					"@loader_path/Frameworks",
				);
				PRODUCT_BUNDLE_IDENTIFIER = com.sdbt.DomainTests;
				PRODUCT_NAME = "$(TARGET_NAME)";
				SWIFT_OBJC_BRIDGING_HEADER = "DomainTests/DomainTests-Bridging-Header.h";
				SWIFT_OPTIMIZATION_LEVEL = "-Onone";
				SWIFT_VERSION = 5.0;
				TARGETED_DEVICE_FAMILY = "1,2";
				TEST_HOST = "$(BUILT_PRODUCTS_DIR)/homework.app/homework";
			};
			name = Debug;
		};
		D40662DB25A51A0F0090E143 /* Release */ = {
			isa = XCBuildConfiguration;
			baseConfigurationReference = F213A6BA3AF95A7E4FA11ADE /* Pods-DomainTests.release.xcconfig */;
			buildSettings = {
				ALWAYS_EMBED_SWIFT_STANDARD_LIBRARIES = YES;
				CLANG_ENABLE_MODULES = YES;
				CLANG_WARN_QUOTED_INCLUDE_IN_FRAMEWORK_HEADER = YES;
				CODE_SIGN_STYLE = Automatic;
				DEVELOPMENT_TEAM = RR93ZA7D55;
				INFOPLIST_FILE = DomainTests/Info.plist;
				IPHONEOS_DEPLOYMENT_TARGET = 14.0;
				LD_RUNPATH_SEARCH_PATHS = (
					"$(inherited)",
					"@executable_path/Frameworks",
					"@loader_path/Frameworks",
				);
				PRODUCT_BUNDLE_IDENTIFIER = com.sdbt.DomainTests;
				PRODUCT_NAME = "$(TARGET_NAME)";
				SWIFT_OBJC_BRIDGING_HEADER = "DomainTests/DomainTests-Bridging-Header.h";
				SWIFT_VERSION = 5.0;
				TARGETED_DEVICE_FAMILY = "1,2";
				TEST_HOST = "$(BUILT_PRODUCTS_DIR)/homework.app/homework";
			};
			name = Release;
		};
		D40663BD25A5EEA40090E143 /* Debug */ = {
			isa = XCBuildConfiguration;
			buildSettings = {
				CLANG_ENABLE_MODULES = YES;
				CLANG_WARN_QUOTED_INCLUDE_IN_FRAMEWORK_HEADER = YES;
				CODE_SIGN_STYLE = Automatic;
				CURRENT_PROJECT_VERSION = 1;
				DEFINES_MODULE = YES;
				DEVELOPMENT_TEAM = Y7D24J646Q;
				DYLIB_COMPATIBILITY_VERSION = 1;
				DYLIB_CURRENT_VERSION = 1;
				DYLIB_INSTALL_NAME_BASE = "@rpath";
				INFOPLIST_FILE = Injector/Info.plist;
				INSTALL_PATH = "$(LOCAL_LIBRARY_DIR)/Frameworks";
				IPHONEOS_DEPLOYMENT_TARGET = 13.2;
				LD_RUNPATH_SEARCH_PATHS = (
					"$(inherited)",
					"@executable_path/Frameworks",
					"@loader_path/Frameworks",
				);
				PRODUCT_BUNDLE_IDENTIFIER = com.sdbt.Injector;
				PRODUCT_NAME = "$(TARGET_NAME:c99extidentifier)";
				SKIP_INSTALL = YES;
				SWIFT_OPTIMIZATION_LEVEL = "-Onone";
				SWIFT_VERSION = 5.0;
				TARGETED_DEVICE_FAMILY = "1,2";
				VERSIONING_SYSTEM = "apple-generic";
				VERSION_INFO_PREFIX = "";
			};
			name = Debug;
		};
		D40663BE25A5EEA40090E143 /* Release */ = {
			isa = XCBuildConfiguration;
			buildSettings = {
				CLANG_ENABLE_MODULES = YES;
				CLANG_WARN_QUOTED_INCLUDE_IN_FRAMEWORK_HEADER = YES;
				CODE_SIGN_STYLE = Automatic;
				CURRENT_PROJECT_VERSION = 1;
				DEFINES_MODULE = YES;
				DEVELOPMENT_TEAM = Y7D24J646Q;
				DYLIB_COMPATIBILITY_VERSION = 1;
				DYLIB_CURRENT_VERSION = 1;
				DYLIB_INSTALL_NAME_BASE = "@rpath";
				INFOPLIST_FILE = Injector/Info.plist;
				INSTALL_PATH = "$(LOCAL_LIBRARY_DIR)/Frameworks";
				IPHONEOS_DEPLOYMENT_TARGET = 13.2;
				LD_RUNPATH_SEARCH_PATHS = (
					"$(inherited)",
					"@executable_path/Frameworks",
					"@loader_path/Frameworks",
				);
				PRODUCT_BUNDLE_IDENTIFIER = com.sdbt.Injector;
				PRODUCT_NAME = "$(TARGET_NAME:c99extidentifier)";
				SKIP_INSTALL = YES;
				SWIFT_VERSION = 5.0;
				TARGETED_DEVICE_FAMILY = "1,2";
				VERSIONING_SYSTEM = "apple-generic";
				VERSION_INFO_PREFIX = "";
			};
			name = Release;
		};
/* End XCBuildConfiguration section */

/* Begin XCConfigurationList section */
		66AB47CF243D1570000508FB /* Build configuration list for PBXProject "homework" */ = {
			isa = XCConfigurationList;
			buildConfigurations = (
				66AB47E6243D1572000508FB /* Debug */,
				66AB47E7243D1572000508FB /* Release */,
			);
			defaultConfigurationIsVisible = 0;
			defaultConfigurationName = Release;
		};
		66AB47E8243D1572000508FB /* Build configuration list for PBXNativeTarget "homework" */ = {
			isa = XCConfigurationList;
			buildConfigurations = (
				66AB47E9243D1572000508FB /* Debug */,
				66AB47EA243D1572000508FB /* Release */,
			);
			defaultConfigurationIsVisible = 0;
			defaultConfigurationName = Release;
		};
		D406621E25A504840090E143 /* Build configuration list for PBXNativeTarget "Data" */ = {
			isa = XCConfigurationList;
			buildConfigurations = (
				D406621A25A504840090E143 /* Debug */,
				D406621B25A504840090E143 /* Release */,
			);
			defaultConfigurationIsVisible = 0;
			defaultConfigurationName = Release;
		};
		D406621F25A504840090E143 /* Build configuration list for PBXNativeTarget "DataTests" */ = {
			isa = XCConfigurationList;
			buildConfigurations = (
				D406621C25A504840090E143 /* Debug */,
				D406621D25A504840090E143 /* Release */,
			);
			defaultConfigurationIsVisible = 0;
			defaultConfigurationName = Release;
		};
		D40662D625A51A0F0090E143 /* Build configuration list for PBXNativeTarget "Domain" */ = {
			isa = XCConfigurationList;
			buildConfigurations = (
				D40662D725A51A0F0090E143 /* Debug */,
				D40662D825A51A0F0090E143 /* Release */,
			);
			defaultConfigurationIsVisible = 0;
			defaultConfigurationName = Release;
		};
		D40662D925A51A0F0090E143 /* Build configuration list for PBXNativeTarget "DomainTests" */ = {
			isa = XCConfigurationList;
			buildConfigurations = (
				D40662DA25A51A0F0090E143 /* Debug */,
				D40662DB25A51A0F0090E143 /* Release */,
			);
			defaultConfigurationIsVisible = 0;
			defaultConfigurationName = Release;
		};
		D40663BC25A5EEA40090E143 /* Build configuration list for PBXNativeTarget "Injector" */ = {
			isa = XCConfigurationList;
			buildConfigurations = (
				D40663BD25A5EEA40090E143 /* Debug */,
				D40663BE25A5EEA40090E143 /* Release */,
			);
			defaultConfigurationIsVisible = 0;
			defaultConfigurationName = Release;
		};
/* End XCConfigurationList section */
	};
	rootObject = 66AB47CC243D1570000508FB /* Project object */;
}
